<?xml version="1.0" encoding="utf-8"?>
<Project ToolsVersion="4.0" xmlns="http://schemas.microsoft.com/developer/msbuild/2003">
  <ItemGroup>
    <FxCompile Include="shaders\fullscreen_vs.hlsl" />
    <FxCompile Include="shaders\lighting_ps.hlsl" />
    <FxCompile Include="shaders\lighting_vs.hlsl" />
    <FxCompile Include="shaders\ridgeNoise_cs.hlsl" />
    <FxCompile Include="shaders\simpleNoise_cs.hlsl" />
    <FxCompile Include="shaders\terrain_ds.hlsl" />
    <FxCompile Include="shaders\terrain_hs.hlsl" />
    <FxCompile Include="shaders\terrain_ps.hlsl" />
    <FxCompile Include="shaders\terrain_vs.hlsl" />
    <FxCompile Include="shaders\terrainNoise_cs.hlsl" />
    <FxCompile Include="shaders\warpedSimpleNoise_cs.hlsl" />
    <FxCompile Include="shaders\water_ps.hlsl" />
    <FxCompile Include="shaders\water_vs.hlsl" />
  </ItemGroup>
  <ItemGroup>
    <None Include="shaders\math.hlsli" />
    <None Include="shaders\noiseFunctions.hlsli" />
    <None Include="shaders\noiseSimplex.hlsli" />
  </ItemGroup>
  <ItemGroup>
    <ClCompile Include="App1.cpp" />
    <ClCompile Include="BaseFullScreenShader.cpp" />
    <ClCompile Include="HeightmapFilters.cpp" />
    <ClCompile Include="LightShader.cpp" />
    <ClCompile Include="Main.cpp" />
    <ClCompile Include="RenderTarget.cpp" />
    <ClCompile Include="SerializationHelper.cpp" />
    <ClCompile Include="TerrainMesh.cpp" />
    <ClCompile Include="TerrainShader.cpp" />
    <ClCompile Include="WaterShader.cpp" />
  </ItemGroup>
  <ItemGroup>
    <ClInclude Include="App1.h" />
    <ClInclude Include="BaseFullScreenShader.h" />
    <ClInclude Include="BaseHeightmapFilter.h" />
    <ClInclude Include="HeightmapFilters.h" />
    <ClInclude Include="LightShader.h" />
    <ClInclude Include="RenderTarget.h" />
    <ClInclude Include="SerializationHelper.h" />
    <ClInclude Include="TerrainMesh.h" />
    <ClInclude Include="TerrainShader.h" />
    <ClInclude Include="Transform.h" />
    <ClInclude Include="WaterShader.h" />
  </ItemGroup>
</Project>