<?xml version="1.0" encoding="utf-8"?>
<Project ToolsVersion="4.0" xmlns="http://schemas.microsoft.com/developer/msbuild/2003">
  <ItemGroup>
    <FxCompile Include="shaders\lighting_ps.hlsl">
      <Filter>Shaders</Filter>
    </FxCompile>
    <FxCompile Include="shaders\lighting_vs.hlsl">
      <Filter>Shaders</Filter>
    </FxCompile>
    <FxCompile Include="shaders\unlit_ps.hlsl">
      <Filter>Shaders</Filter>
    </FxCompile>
    <FxCompile Include="shaders\unlit_vs.hlsl">
      <Filter>Shaders</Filter>
    </FxCompile>
    <FxCompile Include="skybox_vs.hlsl">
      <Filter>Shaders</Filter>
    </FxCompile>
    <FxCompile Include="skybox_ps.hlsl">
      <Filter>Shaders</Filter>
    </FxCompile>
    <FxCompile Include="shaders\texture_ps.hlsl">
      <Filter>Shaders</Filter>
    </FxCompile>
    <FxCompile Include="shaders\texture_vs.hlsl">
      <Filter>Shaders</Filter>
    </FxCompile>
    <FxCompile Include="shaders\terrain_ds.hlsl">
      <Filter>Shaders\terrain</Filter>
    </FxCompile>
    <FxCompile Include="shaders\terrain_hs.hlsl">
      <Filter>Shaders\terrain</Filter>
    </FxCompile>
    <FxCompile Include="shaders\terrain_ps.hlsl">
      <Filter>Shaders\terrain</Filter>
    </FxCompile>
    <FxCompile Include="shaders\terrain_vs.hlsl">
      <Filter>Shaders\terrain</Filter>
    </FxCompile>
    <FxCompile Include="shaders\irradiance_cs.hlsl">
      <Filter>Shaders\compute</Filter>
    </FxCompile>
    <FxCompile Include="Shaders\prefilteredenvironment_cs.hlsl">
      <Filter>Shaders\compute</Filter>
    </FxCompile>
    <FxCompile Include="Shaders\brdfintegration_cs.hlsl">
      <Filter>Shaders\compute</Filter>
    </FxCompile>
    <FxCompile Include="Shaders\finalpass_ps.hlsl">
      <Filter>Shaders\postprocess</Filter>
    </FxCompile>
    <FxCompile Include="shaders\fullscreen_vs.hlsl">
      <Filter>Shaders\postprocess</Filter>
    </FxCompile>
    <FxCompile Include="shaders\water_ps.hlsl">
      <Filter>Shaders\postprocess</Filter>
    </FxCompile>
    <FxCompile Include="shaders\simpleNoise_cs.hlsl">
      <Filter>Shaders\compute\heightmap</Filter>
    </FxCompile>
    <FxCompile Include="shaders\ridgeNoise_cs.hlsl">
      <Filter>Shaders\compute\heightmap</Filter>
    </FxCompile>
    <FxCompile Include="shaders\warpedSimpleNoise_cs.hlsl">
      <Filter>Shaders\compute\heightmap</Filter>
    </FxCompile>
    <FxCompile Include="shaders\terrainNoise_cs.hlsl">
      <Filter>Shaders\compute\heightmap</Filter>
    </FxCompile>
    <FxCompile Include="shaders\reduceto1d_cs.hlsl">
      <Filter>Shaders\compute\postprocess</Filter>
    </FxCompile>
    <FxCompile Include="shaders\reducetosingle_cs.hlsl">
      <Filter>Shaders\compute\postprocess</Filter>
    </FxCompile>
    <FxCompile Include="shaders\unlitterrain_ds.hlsl">
      <Filter>Shaders\terrain</Filter>
    </FxCompile>
    <FxCompile Include="shaders\heightmappreprocess_cs.hlsl">
      <Filter>Shaders\compute\heightmap</Filter>
    </FxCompile>
    <FxCompile Include="shaders\bloombrightpass_cs.hlsl">
      <Filter>Shaders\compute\postprocess\bloom</Filter>
    </FxCompile>
    <FxCompile Include="Shaders\horizontalguass_cs.hlsl">
      <Filter>Shaders\compute\postprocess\bloom</Filter>
    </FxCompile>
    <FxCompile Include="Shaders\verticalguass_cs.hlsl">
      <Filter>Shaders\compute\postprocess\bloom</Filter>
    </FxCompile>
    <FxCompile Include="Shaders\bloomcombine_cs.hlsl">
      <Filter>Shaders\compute\postprocess\bloom</Filter>
    </FxCompile>
  </ItemGroup>
  <ItemGroup>
    <None Include="shaders\lighting.hlsli">
      <Filter>Shaders\include</Filter>
    </None>
    <None Include="shaders\math.hlsli">
      <Filter>Shaders\include</Filter>
    </None>
    <None Include="shaders\noiseFunctions.hlsli">
      <Filter>Shaders\include</Filter>
    </None>
    <None Include="shaders\noiseSimplex.hlsli">
      <Filter>Shaders\include</Filter>
    </None>
    <None Include="shaders\common.hlsli">
      <Filter>Shaders\include</Filter>
    </None>
    <None Include="shaders\texturefuncs.hlsli">
      <Filter>Shaders\include</Filter>
    </None>
    <None Include="shaders\defines.hlsli">
      <Filter>Shaders\include</Filter>
    </None>
    <None Include="shaders\material.hlsli">
      <Filter>Shaders\include</Filter>
    </None>
  </ItemGroup>
  <ItemGroup>
    <ClCompile Include="Main.cpp" />
    <ClCompile Include="App1.cpp">
      <Filter>Core</Filter>
    </ClCompile>
    <ClCompile Include="RenderTarget.cpp">
      <Filter>Rendering</Filter>
    </ClCompile>
    <ClCompile Include="SerializationHelper.cpp">
      <Filter>Utility</Filter>
    </ClCompile>
    <ClCompile Include="HeightmapFilters.cpp">
      <Filter>Geometry</Filter>
    </ClCompile>
    <ClCompile Include="TerrainMesh.cpp">
      <Filter>Geometry</Filter>
    </ClCompile>
    <ClCompile Include="SceneLight.cpp">
      <Filter>Rendering</Filter>
    </ClCompile>
    <ClCompile Include="Material.cpp">
      <Filter>Rendering</Filter>
    </ClCompile>
    <ClCompile Include="LightShader.cpp">
      <Filter>Rendering\Shaders</Filter>
    </ClCompile>
    <ClCompile Include="UnlitShader.cpp">
      <Filter>Rendering\Shaders</Filter>
    </ClCompile>
    <ClCompile Include="stb_image_build.cpp">
      <Filter>Core</Filter>
    </ClCompile>
    <ClCompile Include="Cubemap.cpp">
      <Filter>Rendering</Filter>
    </ClCompile>
    <ClCompile Include="Skybox.cpp">
      <Filter>Rendering</Filter>
    </ClCompile>
    <ClCompile Include="TextureShader.cpp">
      <Filter>Rendering\Shaders</Filter>
    </ClCompile>
    <ClCompile Include="GlobalLighting.cpp">
      <Filter>Rendering</Filter>
    </ClCompile>
    <ClCompile Include="BaseFullScreenShader.cpp">
      <Filter>Rendering\Shaders\PostProcesing</Filter>
    </ClCompile>
    <ClCompile Include="WaterShader.cpp">
      <Filter>Rendering\Shaders\PostProcesing</Filter>
    </ClCompile>
    <ClCompile Include="FinalPassShader.cpp">
      <Filter>Rendering\Shaders\PostProcesing</Filter>
    </ClCompile>
    <ClCompile Include="ShadowCubemap.cpp">
      <Filter>Rendering</Filter>
    </ClCompile>
    <ClCompile Include="MeasureLuminanceShader.cpp">
      <Filter>Rendering\Shaders\PostProcesing</Filter>
    </ClCompile>
    <ClCompile Include="BloomShader.cpp">
      <Filter>Rendering\Shaders\PostProcesing</Filter>
    </ClCompile>
    <ClCompile Include="TerrainShader.cpp">
      <Filter>Rendering\Shaders\Terrain</Filter>
    </ClCompile>
    <ClCompile Include="UnlitTerrainShader.cpp">
      <Filter>Rendering\Shaders\Terrain</Filter>
    </ClCompile>
    <ClCompile Include="ShaderUtility.cpp">
      <Filter>Rendering\Shaders</Filter>
    </ClCompile>
    <ClCompile Include="MaterialLibrary.cpp">
      <Filter>Utility</Filter>
    </ClCompile>
  </ItemGroup>
  <ItemGroup>
    <ClInclude Include="App1.h">
      <Filter>Core</Filter>
    </ClInclude>
    <ClInclude Include="RenderTarget.h">
      <Filter>Rendering</Filter>
    </ClInclude>
    <ClInclude Include="Transform.h">
      <Filter>Utility</Filter>
    </ClInclude>
    <ClInclude Include="SerializationHelper.h">
      <Filter>Utility</Filter>
    </ClInclude>
    <ClInclude Include="BaseHeightmapFilter.h">
      <Filter>Geometry</Filter>
    </ClInclude>
    <ClInclude Include="HeightmapFilters.h">
      <Filter>Geometry</Filter>
    </ClInclude>
    <ClInclude Include="TerrainMesh.h">
      <Filter>Geometry</Filter>
    </ClInclude>
    <ClInclude Include="SceneLight.h">
      <Filter>Rendering</Filter>
    </ClInclude>
    <ClInclude Include="Material.h">
      <Filter>Rendering</Filter>
    </ClInclude>
    <ClInclude Include="LightShader.h">
      <Filter>Rendering\Shaders</Filter>
    </ClInclude>
    <ClInclude Include="UnlitShader.h">
      <Filter>Rendering\Shaders</Filter>
    </ClInclude>
    <ClInclude Include="Cubemap.h">
      <Filter>Rendering</Filter>
    </ClInclude>
    <ClInclude Include="Skybox.h">
      <Filter>Rendering</Filter>
    </ClInclude>
    <ClInclude Include="TextureShader.h">
      <Filter>Rendering\Shaders</Filter>
    </ClInclude>
    <ClInclude Include="GlobalLighting.h">
      <Filter>Rendering</Filter>
    </ClInclude>
    <ClInclude Include="BaseFullScreenShader.h">
      <Filter>Rendering\Shaders\PostProcesing</Filter>
    </ClInclude>
    <ClInclude Include="WaterShader.h">
      <Filter>Rendering\Shaders\PostProcesing</Filter>
    </ClInclude>
    <ClInclude Include="FinalPassShader.h">
      <Filter>Rendering\Shaders\PostProcesing</Filter>
    </ClInclude>
    <ClInclude Include="GameObject.h">
      <Filter>Utility</Filter>
    </ClInclude>
    <ClInclude Include="ShadowCubemap.h">
      <Filter>Rendering</Filter>
    </ClInclude>
    <ClInclude Include="MeasureLuminanceShader.h">
      <Filter>Rendering\Shaders\PostProcesing</Filter>
    </ClInclude>
    <ClInclude Include="BloomShader.h">
      <Filter>Rendering\Shaders\PostProcesing</Filter>
    </ClInclude>
    <ClInclude Include="TerrainShader.h">
      <Filter>Rendering\Shaders\Terrain</Filter>
    </ClInclude>
    <ClInclude Include="UnlitTerrainShader.h">
      <Filter>Rendering\Shaders\Terrain</Filter>
    </ClInclude>
    <ClInclude Include="ShaderUtility.h">
      <Filter>Rendering\Shaders</Filter>
    </ClInclude>
    <ClInclude Include="MaterialLibrary.h">
      <Filter>Utility</Filter>
    </ClInclude>
  </ItemGroup>
  <ItemGroup>
    <Filter Include="Shaders">
      <UniqueIdentifier>{9b6ba308-2575-49fa-b5bf-c7010d44972d}</UniqueIdentifier>
    </Filter>
    <Filter Include="Rendering">
      <UniqueIdentifier>{89a098ad-f2cc-49e1-8ea3-084a334acbb7}</UniqueIdentifier>
    </Filter>
    <Filter Include="Utility">
      <UniqueIdentifier>{c1e25276-80de-4e59-9398-851b6712ab91}</UniqueIdentifier>
    </Filter>
    <Filter Include="Core">
      <UniqueIdentifier>{d5d09959-82d5-44bb-865e-b9481d0358d9}</UniqueIdentifier>
    </Filter>
    <Filter Include="Geometry">
      <UniqueIdentifier>{023b089d-eab3-4fa6-ab6b-335a1dec2b87}</UniqueIdentifier>
    </Filter>
    <Filter Include="Rendering\Shaders">
      <UniqueIdentifier>{33dee0dc-1366-4544-bbcb-0cc9568792c6}</UniqueIdentifier>
    </Filter>
    <Filter Include="Shaders\include">
      <UniqueIdentifier>{96ffd91a-0cd6-474a-8ddd-aa14eb6baaa5}</UniqueIdentifier>
    </Filter>
    <Filter Include="Shaders\compute">
      <UniqueIdentifier>{0b517563-d82a-4a37-88f1-596bd3a9da21}</UniqueIdentifier>
    </Filter>
    <Filter Include="Shaders\terrain">
      <UniqueIdentifier>{f97ae902-7eba-4ca1-81a1-bb579c09cecb}</UniqueIdentifier>
    </Filter>
    <Filter Include="Rendering\Shaders\PostProcesing">
      <UniqueIdentifier>{2521d333-61ae-461a-8572-05bf76b932ac}</UniqueIdentifier>
    </Filter>
    <Filter Include="Shaders\postprocess">
      <UniqueIdentifier>{10257d75-c353-4b66-af16-ee9618859d8b}</UniqueIdentifier>
    </Filter>
    <Filter Include="Shaders\compute\heightmap">
      <UniqueIdentifier>{0cd92b72-d808-4eb5-a2fd-b5d66ea18687}</UniqueIdentifier>
    </Filter>
    <Filter Include="Shaders\compute\postprocess">
      <UniqueIdentifier>{fc660dc0-1e3a-4971-997e-d5f0c24994cb}</UniqueIdentifier>
    </Filter>
    <Filter Include="Rendering\Shaders\Terrain">
      <UniqueIdentifier>{2d8765e4-9298-41f4-87d3-7102fbeac8c1}</UniqueIdentifier>
    </Filter>
    <Filter Include="Shaders\compute\postprocess\bloom">
      <UniqueIdentifier>{a155b559-9acb-4025-ad30-80fdf59d9af4}</UniqueIdentifier>
    </Filter>
  </ItemGroup>
</Project>